
Microsoft Visual Studio Solution File, Format Version 12.00
# Visual Studio Version 17
VisualStudioVersion = 17.1.32210.238
MinimumVisualStudioVersion = 10.0.40219.1
Project("{FAE04EC0-301F-11D3-BF4B-00C04F79EFBC}") = "Otel_Rezervasyon", "Otel_Rezervasyon.csproj", "{F1F66043-B532-454D-A877-EA47FF55AA50}"
EndProject
Global
	GlobalSection(SolutionConfigurationPlatforms) = preSolution
		Debug|Any CPU = Debug|Any CPU
		Release|Any CPU = Release|Any CPU
	EndGlobalSection
	GlobalSection(ProjectConfigurationPlatforms) = postSolution
		{F1F66043-B532-454D-A877-EA47FF55AA50}.Debug|Any CPU.ActiveCfg = Debug|Any CPU
		{F1F66043-B532-454D-A877-EA47FF55AA50}.Debug|Any CPU.Build.0 = Debug|Any CPU
		{F1F66043-B532-454D-A877-EA47FF55AA50}.Release|Any CPU.ActiveCfg = Release|Any CPU
		{F1F66043-B532-454D-A877-EA47FF55AA50}.Release|Any CPU.Build.0 = Release|Any CPU
	EndGlobalSection
	GlobalSection(SolutionProperties) = preSolution
		HideSolutionNode = FALSE
	EndGlobalSection
	GlobalSection(ExtensibilityGlobals) = postSolution
		SolutionGuid = {69542DCE-E8A4-44AA-866E-56CF672A2849}
	EndGlobalSection
EndGlobal
